// !$*UTF8*$!
{
	archiveVersion = 1;
	classes = {
	};
	objectVersion = 55;
	objects = {

/* Begin PBXBuildFile section */
		30544710278953DF00F9D4C4 /* AppDelegate.swift in Sources */ = {isa = PBXBuildFile; fileRef = 3054470F278953DF00F9D4C4 /* AppDelegate.swift */; };
		30544719278953E300F9D4C4 /* Assets.xcassets in Resources */ = {isa = PBXBuildFile; fileRef = 30544718278953E300F9D4C4 /* Assets.xcassets */; };
		3054471C278953E300F9D4C4 /* LaunchScreen.storyboard in Resources */ = {isa = PBXBuildFile; fileRef = 3054471A278953E300F9D4C4 /* LaunchScreen.storyboard */; };
		3054479D278DB41A00F9D4C4 /* QiitaAPI.swift in Sources */ = {isa = PBXBuildFile; fileRef = 3054479C278DB41A00F9D4C4 /* QiitaAPI.swift */; };
		3054479F278DB47300F9D4C4 /* QiitaModel.swift in Sources */ = {isa = PBXBuildFile; fileRef = 3054479E278DB47300F9D4C4 /* QiitaModel.swift */; };
		305447A1278DB72300F9D4C4 /* QiitaArticlesViewController.swift in Sources */ = {isa = PBXBuildFile; fileRef = 305447A0278DB72300F9D4C4 /* QiitaArticlesViewController.swift */; };
		305447A3278DD52C00F9D4C4 /* QiitaArticleCell.swift in Sources */ = {isa = PBXBuildFile; fileRef = 305447A2278DD52C00F9D4C4 /* QiitaArticleCell.swift */; };
		305447A5278DD55400F9D4C4 /* QiitaPresenter.swift in Sources */ = {isa = PBXBuildFile; fileRef = 305447A4278DD55400F9D4C4 /* QiitaPresenter.swift */; };
		305447A8278E6EF400F9D4C4 /* Router.swift in Sources */ = {isa = PBXBuildFile; fileRef = 305447A7278E6EF400F9D4C4 /* Router.swift */; };
/* End PBXBuildFile section */

/* Begin PBXFileReference section */
		3054470C278953DF00F9D4C4 /* MVP_PassiveView_QiitaAPI.app */ = {isa = PBXFileReference; explicitFileType = wrapper.application; includeInIndex = 0; path = MVP_PassiveView_QiitaAPI.app; sourceTree = BUILT_PRODUCTS_DIR; };
		3054470F278953DF00F9D4C4 /* AppDelegate.swift */ = {isa = PBXFileReference; lastKnownFileType = sourcecode.swift; path = AppDelegate.swift; sourceTree = "<group>"; };
		30544718278953E300F9D4C4 /* Assets.xcassets */ = {isa = PBXFileReference; lastKnownFileType = folder.assetcatalog; path = Assets.xcassets; sourceTree = "<group>"; };
		3054471B278953E300F9D4C4 /* Base */ = {isa = PBXFileReference; lastKnownFileType = file.storyboard; name = Base; path = Base.lproj/LaunchScreen.storyboard; sourceTree = "<group>"; };
		3054471D278953E300F9D4C4 /* Info.plist */ = {isa = PBXFileReference; lastKnownFileType = text.plist.xml; path = Info.plist; sourceTree = "<group>"; };
		3054479C278DB41A00F9D4C4 /* QiitaAPI.swift */ = {isa = PBXFileReference; lastKnownFileType = sourcecode.swift; path = QiitaAPI.swift; sourceTree = "<group>"; };
		3054479E278DB47300F9D4C4 /* QiitaModel.swift */ = {isa = PBXFileReference; lastKnownFileType = sourcecode.swift; path = QiitaModel.swift; sourceTree = "<group>"; };
		305447A0278DB72300F9D4C4 /* QiitaArticlesViewController.swift */ = {isa = PBXFileReference; lastKnownFileType = sourcecode.swift; path = QiitaArticlesViewController.swift; sourceTree = "<group>"; };
		305447A2278DD52C00F9D4C4 /* QiitaArticleCell.swift */ = {isa = PBXFileReference; lastKnownFileType = sourcecode.swift; path = QiitaArticleCell.swift; sourceTree = "<group>"; };
		305447A4278DD55400F9D4C4 /* QiitaPresenter.swift */ = {isa = PBXFileReference; lastKnownFileType = sourcecode.swift; path = QiitaPresenter.swift; sourceTree = "<group>"; };
		305447A7278E6EF400F9D4C4 /* Router.swift */ = {isa = PBXFileReference; lastKnownFileType = sourcecode.swift; path = Router.swift; sourceTree = "<group>"; };
/* End PBXFileReference section */

/* Begin PBXFrameworksBuildPhase section */
		30544709278953DF00F9D4C4 /* Frameworks */ = {
			isa = PBXFrameworksBuildPhase;
			buildActionMask = 2147483647;
			files = (
			);
			runOnlyForDeploymentPostprocessing = 0;
		};
/* End PBXFrameworksBuildPhase section */

/* Begin PBXGroup section */
		30544703278953DF00F9D4C4 = {
			isa = PBXGroup;
			children = (
				3054470E278953DF00F9D4C4 /* MVP_PassiveView_QiitaAPI */,
				3054470D278953DF00F9D4C4 /* Products */,
			);
			sourceTree = "<group>";
		};
		3054470D278953DF00F9D4C4 /* Products */ = {
			isa = PBXGroup;
			children = (
				3054470C278953DF00F9D4C4 /* MVP_PassiveView_QiitaAPI.app */,
			);
			name = Products;
			sourceTree = "<group>";
		};
		3054470E278953DF00F9D4C4 /* MVP_PassiveView_QiitaAPI */ = {
			isa = PBXGroup;
			children = (
				305447A6278E6EE500F9D4C4 /* Router */,
				30544727278A72A900F9D4C4 /* API */,
				305447252789540400F9D4C4 /* Model */,
				30544724278953FE00F9D4C4 /* View */,
				30544723278953F500F9D4C4 /* Presenter */,
				3054470F278953DF00F9D4C4 /* AppDelegate.swift */,
				30544718278953E300F9D4C4 /* Assets.xcassets */,
				3054471A278953E300F9D4C4 /* LaunchScreen.storyboard */,
				3054471D278953E300F9D4C4 /* Info.plist */,
			);
			path = MVP_PassiveView_QiitaAPI;
			sourceTree = "<group>";
		};
		30544723278953F500F9D4C4 /* Presenter */ = {
			isa = PBXGroup;
			children = (
				305447A4278DD55400F9D4C4 /* QiitaPresenter.swift */,
			);
			path = Presenter;
			sourceTree = "<group>";
		};
		30544724278953FE00F9D4C4 /* View */ = {
			isa = PBXGroup;
			children = (
				305447A0278DB72300F9D4C4 /* QiitaArticlesViewController.swift */,
				305447A2278DD52C00F9D4C4 /* QiitaArticleCell.swift */,
			);
			path = View;
			sourceTree = "<group>";
		};
		305447252789540400F9D4C4 /* Model */ = {
			isa = PBXGroup;
			children = (
				3054479E278DB47300F9D4C4 /* QiitaModel.swift */,
			);
			path = Model;
			sourceTree = "<group>";
		};
		30544727278A72A900F9D4C4 /* API */ = {
			isa = PBXGroup;
			children = (
				3054479C278DB41A00F9D4C4 /* QiitaAPI.swift */,
			);
			path = API;
			sourceTree = "<group>";
		};
		305447A6278E6EE500F9D4C4 /* Router */ = {
			isa = PBXGroup;
			children = (
				305447A7278E6EF400F9D4C4 /* Router.swift */,
			);
			path = Router;
			sourceTree = "<group>";
		};
/* End PBXGroup section */

/* Begin PBXNativeTarget section */
		3054470B278953DF00F9D4C4 /* MVP_PassiveView_QiitaAPI */ = {
			isa = PBXNativeTarget;
			buildConfigurationList = 30544720278953E300F9D4C4 /* Build configuration list for PBXNativeTarget "MVP_PassiveView_QiitaAPI" */;
			buildPhases = (
				30544708278953DF00F9D4C4 /* Sources */,
				30544709278953DF00F9D4C4 /* Frameworks */,
				3054470A278953DF00F9D4C4 /* Resources */,
			);
			buildRules = (
			);
			dependencies = (
			);
			name = MVP_PassiveView_QiitaAPI;
			productName = MVP_PassiveView_QiitaAPI;
			productReference = 3054470C278953DF00F9D4C4 /* MVP_PassiveView_QiitaAPI.app */;
			productType = "com.apple.product-type.application";
		};
/* End PBXNativeTarget section */

/* Begin PBXProject section */
		30544704278953DF00F9D4C4 /* Project object */ = {
			isa = PBXProject;
			attributes = {
				BuildIndependentTargetsInParallel = 1;
				LastSwiftUpdateCheck = 1300;
				LastUpgradeCheck = 1300;
				TargetAttributes = {
					3054470B278953DF00F9D4C4 = {
						CreatedOnToolsVersion = 13.0;
					};
				};
			};
			buildConfigurationList = 30544707278953DF00F9D4C4 /* Build configuration list for PBXProject "MVP_PassiveView_QiitaAPI" */;
			compatibilityVersion = "Xcode 13.0";
			developmentRegion = en;
			hasScannedForEncodings = 0;
			knownRegions = (
				en,
				Base,
			);
			mainGroup = 30544703278953DF00F9D4C4;
			productRefGroup = 3054470D278953DF00F9D4C4 /* Products */;
			projectDirPath = "";
			projectRoot = "";
			targets = (
				3054470B278953DF00F9D4C4 /* MVP_PassiveView_QiitaAPI */,
			);
		};
/* End PBXProject section */

/* Begin PBXResourcesBuildPhase section */
		3054470A278953DF00F9D4C4 /* Resources */ = {
			isa = PBXResourcesBuildPhase;
			buildActionMask = 2147483647;
			files = (
				3054471C278953E300F9D4C4 /* LaunchScreen.storyboard in Resources */,
				30544719278953E300F9D4C4 /* Assets.xcassets in Resources */,
			);
			runOnlyForDeploymentPostprocessing = 0;
		};
/* End PBXResourcesBuildPhase section */

/* Begin PBXSourcesBuildPhase section */
		30544708278953DF00F9D4C4 /* Sources */ = {
			isa = PBXSourcesBuildPhase;
			buildActionMask = 2147483647;
			files = (
				305447A8278E6EF400F9D4C4 /* Router.swift in Sources */,
				305447A1278DB72300F9D4C4 /* QiitaArticlesViewController.swift in Sources */,
				30544710278953DF00F9D4C4 /* AppDelegate.swift in Sources */,
				305447A5278DD55400F9D4C4 /* QiitaPresenter.swift in Sources */,
				3054479F278DB47300F9D4C4 /* QiitaModel.swift in Sources */,
				305447A3278DD52C00F9D4C4 /* QiitaArticleCell.swift in Sources */,
				3054479D278DB41A00F9D4C4 /* QiitaAPI.swift in Sources */,
			);
			runOnlyForDeploymentPostprocessing = 0;
		};
/* End PBXSourcesBuildPhase section */

/* Begin PBXVariantGroup section */
		3054471A278953E300F9D4C4 /* LaunchScreen.storyboard */ = {
			isa = PBXVariantGroup;
			children = (
				3054471B278953E300F9D4C4 /* Base */,
			);
			name = LaunchScreen.storyboard;
			sourceTree = "<group>";
		};
/* End PBXVariantGroup section */

/* Begin XCBuildConfiguration section */
		3054471E278953E300F9D4C4 /* Debug */ = {
			isa = XCBuildConfiguration;
			buildSettings = {
				ALWAYS_SEARCH_USER_PATHS = NO;
				CLANG_ANALYZER_NONNULL = YES;
				CLANG_ANALYZER_NUMBER_OBJECT_CONVERSION = YES_AGGRESSIVE;
				CLANG_CXX_LANGUAGE_STANDARD = "gnu++17";
				CLANG_CXX_LIBRARY = "libc++";
				CLANG_ENABLE_MODULES = YES;
				CLANG_ENABLE_OBJC_ARC = YES;
				CLANG_ENABLE_OBJC_WEAK = YES;
				CLANG_WARN_BLOCK_CAPTURE_AUTORELEASING = YES;
				CLANG_WARN_BOOL_CONVERSION = YES;
				CLANG_WARN_COMMA = YES;
				CLANG_WARN_CONSTANT_CONVERSION = YES;
				CLANG_WARN_DEPRECATED_OBJC_IMPLEMENTATIONS = YES;
				CLANG_WARN_DIRECT_OBJC_ISA_USAGE = YES_ERROR;
				CLANG_WARN_DOCUMENTATION_COMMENTS = YES;
				CLANG_WARN_EMPTY_BODY = YES;
				CLANG_WARN_ENUM_CONVERSION = YES;
				CLANG_WARN_INFINITE_RECURSION = YES;
				CLANG_WARN_INT_CONVERSION = YES;
				CLANG_WARN_NON_LITERAL_NULL_CONVERSION = YES;
				CLANG_WARN_OBJC_IMPLICIT_RETAIN_SELF = YES;
				CLANG_WARN_OBJC_LITERAL_CONVERSION = YES;
				CLANG_WARN_OBJC_ROOT_CLASS = YES_ERROR;
				CLANG_WARN_QUOTED_INCLUDE_IN_FRAMEWORK_HEADER = YES;
				CLANG_WARN_RANGE_LOOP_ANALYSIS = YES;
				CLANG_WARN_STRICT_PROTOTYPES = YES;
				CLANG_WARN_SUSPICIOUS_MOVE = YES;
				CLANG_WARN_UNGUARDED_AVAILABILITY = YES_AGGRESSIVE;
				CLANG_WARN_UNREACHABLE_CODE = YES;
				CLANG_WARN__DUPLICATE_METHOD_MATCH = YES;
				COPY_PHASE_STRIP = NO;
				DEBUG_INFORMATION_FORMAT = dwarf;
				ENABLE_STRICT_OBJC_MSGSEND = YES;
				ENABLE_TESTABILITY = YES;
				GCC_C_LANGUAGE_STANDARD = gnu11;
				GCC_DYNAMIC_NO_PIC = NO;
				GCC_NO_COMMON_BLOCKS = YES;
				GCC_OPTIMIZATION_LEVEL = 0;
				GCC_PREPROCESSOR_DEFINITIONS = (
					"DEBUG=1",
					"$(inherited)",
				);
				GCC_WARN_64_TO_32_BIT_CONVERSION = YES;
				GCC_WARN_ABOUT_RETURN_TYPE = YES_ERROR;
				GCC_WARN_UNDECLARED_SELECTOR = YES;
				GCC_WARN_UNINITIALIZED_AUTOS = YES_AGGRESSIVE;
				GCC_WARN_UNUSED_FUNCTION = YES;
				GCC_WARN_UNUSED_VARIABLE = YES;
				IPHONEOS_DEPLOYMENT_TARGET = 15.0;
				MTL_ENABLE_DEBUG_INFO = INCLUDE_SOURCE;
				MTL_FAST_MATH = YES;
				ONLY_ACTIVE_ARCH = YES;
				SDKROOT = iphoneos;
				SWIFT_ACTIVE_COMPILATION_CONDITIONS = DEBUG;
				SWIFT_OPTIMIZATION_LEVEL = "-Onone";
			};
			name = Debug;
		};
		3054471F278953E300F9D4C4 /* Release */ = {
			isa = XCBuildConfiguration;
			buildSettings = {
				ALWAYS_SEARCH_USER_PATHS = NO;
				CLANG_ANALYZER_NONNULL = YES;
				CLANG_ANALYZER_NUMBER_OBJECT_CONVERSION = YES_AGGRESSIVE;
				CLANG_CXX_LANGUAGE_STANDARD = "gnu++17";
				CLANG_CXX_LIBRARY = "libc++";
				CLANG_ENABLE_MODULES = YES;
				CLANG_ENABLE_OBJC_ARC = YES;
				CLANG_ENABLE_OBJC_WEAK = YES;
				CLANG_WARN_BLOCK_CAPTURE_AUTORELEASING = YES;
				CLANG_WARN_BOOL_CONVERSION = YES;
				CLANG_WARN_COMMA = YES;
				CLANG_WARN_CONSTANT_CONVERSION = YES;
				CLANG_WARN_DEPRECATED_OBJC_IMPLEMENTATIONS = YES;
				CLANG_WARN_DIRECT_OBJC_ISA_USAGE = YES_ERROR;
				CLANG_WARN_DOCUMENTATION_COMMENTS = YES;
				CLANG_WARN_EMPTY_BODY = YES;
				CLANG_WARN_ENUM_CONVERSION = YES;
				CLANG_WARN_INFINITE_RECURSION = YES;
				CLANG_WARN_INT_CONVERSION = YES;
				CLANG_WARN_NON_LITERAL_NULL_CONVERSION = YES;
				CLANG_WARN_OBJC_IMPLICIT_RETAIN_SELF = YES;
				CLANG_WARN_OBJC_LITERAL_CONVERSION = YES;
				CLANG_WARN_OBJC_ROOT_CLASS = YES_ERROR;
				CLANG_WARN_QUOTED_INCLUDE_IN_FRAMEWORK_HEADER = YES;
				CLANG_WARN_RANGE_LOOP_ANALYSIS = YES;
				CLANG_WARN_STRICT_PROTOTYPES = YES;
				CLANG_WARN_SUSPICIOUS_MOVE = YES;
				CLANG_WARN_UNGUARDED_AVAILABILITY = YES_AGGRESSIVE;
				CLANG_WARN_UNREACHABLE_CODE = YES;
				CLANG_WARN__DUPLICATE_METHOD_MATCH = YES;
				COPY_PHASE_STRIP = NO;
				DEBUG_INFORMATION_FORMAT = "dwarf-with-dsym";
				ENABLE_NS_ASSERTIONS = NO;
				ENABLE_STRICT_OBJC_MSGSEND = YES;
				GCC_C_LANGUAGE_STANDARD = gnu11;
				GCC_NO_COMMON_BLOCKS = YES;
				GCC_WARN_64_TO_32_BIT_CONVERSION = YES;
				GCC_WARN_ABOUT_RETURN_TYPE = YES_ERROR;
				GCC_WARN_UNDECLARED_SELECTOR = YES;
				GCC_WARN_UNINITIALIZED_AUTOS = YES_AGGRESSIVE;
				GCC_WARN_UNUSED_FUNCTION = YES;
				GCC_WARN_UNUSED_VARIABLE = YES;
				IPHONEOS_DEPLOYMENT_TARGET = 15.0;
				MTL_ENABLE_DEBUG_INFO = NO;
				MTL_FAST_MATH = YES;
				SDKROOT = iphoneos;
				SWIFT_COMPILATION_MODE = wholemodule;
				SWIFT_OPTIMIZATION_LEVEL = "-O";
				VALIDATE_PRODUCT = YES;
			};
			name = Release;
		};
		30544721278953E300F9D4C4 /* Debug */ = {
			isa = XCBuildConfiguration;
			buildSettings = {
				ASSETCATALOG_COMPILER_APPICON_NAME = AppIcon;
				ASSETCATALOG_COMPILER_GLOBAL_ACCENT_COLOR_NAME = AccentColor;
				CODE_SIGN_STYLE = Automatic;
				CURRENT_PROJECT_VERSION = 1;
				DEVELOPMENT_TEAM = WU2QLL3F9F;
				GENERATE_INFOPLIST_FILE = YES;
				INFOPLIST_FILE = MVP_PassiveView_QiitaAPI/Info.plist;
				INFOPLIST_KEY_UIApplicationSupportsIndirectInputEvents = YES;
				INFOPLIST_KEY_UILaunchStoryboardName = LaunchScreen;
				INFOPLIST_KEY_UISupportedInterfaceOrientations_iPad = "UIInterfaceOrientationPortrait UIInterfaceOrientationPortraitUpsideDown UIInterfaceOrientationLandscapeLeft UIInterfaceOrientationLandscapeRight";
				INFOPLIST_KEY_UISupportedInterfaceOrientations_iPhone = "UIInterfaceOrientationPortrait UIInterfaceOrientationLandscapeLeft UIInterfaceOrientationLandscapeRight";
				LD_RUNPATH_SEARCH_PATHS = (
					"$(inherited)",
					"@executable_path/Frameworks",
				);
				MARKETING_VERSION = 1.0;
				PRODUCT_BUNDLE_IDENTIFIER = "com.yasu.MVP-PassiveView-QiitaAPI";
				PRODUCT_NAME = "$(TARGET_NAME)";
				SWIFT_EMIT_LOC_STRINGS = YES;
				SWIFT_VERSION = 5.0;
				TARGETED_DEVICE_FAMILY = "1,2";
			};
			name = Debug;
		};
		30544722278953E300F9D4C4 /* Release */ = {
			isa = XCBuildConfiguration;
			buildSettings = {
				ASSETCATALOG_COMPILER_APPICON_NAME = AppIcon;
				ASSETCATALOG_COMPILER_GLOBAL_ACCENT_COLOR_NAME = AccentColor;
				CODE_SIGN_STYLE = Automatic;
				CURRENT_PROJECT_VERSION = 1;
				DEVELOPMENT_TEAM = WU2QLL3F9F;
				GENERATE_INFOPLIST_FILE = YES;
				INFOPLIST_FILE = MVP_PassiveView_QiitaAPI/Info.plist;
				INFOPLIST_KEY_UIApplicationSupportsIndirectInputEvents = YES;
				INFOPLIST_KEY_UILaunchStoryboardName = LaunchScreen;
				INFOPLIST_KEY_UISupportedInterfaceOrientations_iPad = "UIInterfaceOrientationPortrait UIInterfaceOrientationPortraitUpsideDown UIInterfaceOrientationLandscapeLeft UIInterfaceOrientationLandscapeRight";
				INFOPLIST_KEY_UISupportedInterfaceOrientations_iPhone = "UIInterfaceOrientationPortrait UIInterfaceOrientationLandscapeLeft UIInterfaceOrientationLandscapeRight";
				LD_RUNPATH_SEARCH_PATHS = (
					"$(inherited)",
					"@executable_path/Frameworks",
				);
				MARKETING_VERSION = 1.0;
				PRODUCT_BUNDLE_IDENTIFIER = "com.yasu.MVP-PassiveView-QiitaAPI";
				PRODUCT_NAME = "$(TARGET_NAME)";
				SWIFT_EMIT_LOC_STRINGS = YES;
				SWIFT_VERSION = 5.0;
				TARGETED_DEVICE_FAMILY = "1,2";
			};
			name = Release;
		};
/* End XCBuildConfiguration section */

/* Begin XCConfigurationList section */
		30544707278953DF00F9D4C4 /* Build configuration list for PBXProject "MVP_PassiveView_QiitaAPI" */ = {
			isa = XCConfigurationList;
			buildConfigurations = (
				3054471E278953E300F9D4C4 /* Debug */,
				3054471F278953E300F9D4C4 /* Release */,
			);
			defaultConfigurationIsVisible = 0;
			defaultConfigurationName = Release;
		};
		30544720278953E300F9D4C4 /* Build configuration list for PBXNativeTarget "MVP_PassiveView_QiitaAPI" */ = {
			isa = XCConfigurationList;
			buildConfigurations = (
				30544721278953E300F9D4C4 /* Debug */,
				30544722278953E300F9D4C4 /* Release */,
			);
			defaultConfigurationIsVisible = 0;
			defaultConfigurationName = Release;
		};
/* End XCConfigurationList section */
	};
	rootObject = 30544704278953DF00F9D4C4 /* Project object */;
}
